// !$*UTF8*$!
{
	archiveVersion = 1;
	classes = {
	};
	objectVersion = 46;
	objects = {

/* Begin PBXBuildFile section */
		AE3E3D251D813F4D00BE9A2F /* AppDelegate.swift in Sources */ = {isa = PBXBuildFile; fileRef = AE3E3D241D813F4D00BE9A2F /* AppDelegate.swift */; };
		AE3E3D271D813F4D00BE9A2F /* ViewController.swift in Sources */ = {isa = PBXBuildFile; fileRef = AE3E3D261D813F4D00BE9A2F /* ViewController.swift */; };
		AE3E3D2A1D813F4D00BE9A2F /* Main.storyboard in Resources */ = {isa = PBXBuildFile; fileRef = AE3E3D281D813F4D00BE9A2F /* Main.storyboard */; };
		AE3E3D2C1D813F4D00BE9A2F /* Assets.xcassets in Resources */ = {isa = PBXBuildFile; fileRef = AE3E3D2B1D813F4D00BE9A2F /* Assets.xcassets */; };
		AE3E3D2F1D813F4D00BE9A2F /* LaunchScreen.storyboard in Resources */ = {isa = PBXBuildFile; fileRef = AE3E3D2D1D813F4D00BE9A2F /* LaunchScreen.storyboard */; };
		AE3E3D381D81405000BE9A2F /* CustomPresentationController.swift in Sources */ = {isa = PBXBuildFile; fileRef = AE3E3D371D81405000BE9A2F /* CustomPresentationController.swift */; };
		AE3E3D3A1D81406D00BE9A2F /* CustomPresentation.storyboard in Resources */ = {isa = PBXBuildFile; fileRef = AE3E3D391D81406D00BE9A2F /* CustomPresentation.storyboard */; };
		AE3E3D3C1D8142A300BE9A2F /* FirstAViewController.swift in Sources */ = {isa = PBXBuildFile; fileRef = AE3E3D3B1D8142A300BE9A2F /* FirstAViewController.swift */; };
		AE3E3D3E1D81453700BE9A2F /* FirstBViewController.swift in Sources */ = {isa = PBXBuildFile; fileRef = AE3E3D3D1D81453700BE9A2F /* FirstBViewController.swift */; };
/* End PBXBuildFile section */

/* Begin PBXFileReference section */
		AE3E3D211D813F4D00BE9A2F /* CustomPresentationViewController.app */ = {isa = PBXFileReference; explicitFileType = wrapper.application; includeInIndex = 0; path = CustomPresentationViewController.app; sourceTree = BUILT_PRODUCTS_DIR; };
		AE3E3D241D813F4D00BE9A2F /* AppDelegate.swift */ = {isa = PBXFileReference; lastKnownFileType = sourcecode.swift; path = AppDelegate.swift; sourceTree = "<group>"; };
		AE3E3D261D813F4D00BE9A2F /* ViewController.swift */ = {isa = PBXFileReference; lastKnownFileType = sourcecode.swift; path = ViewController.swift; sourceTree = "<group>"; };
		AE3E3D291D813F4D00BE9A2F /* Base */ = {isa = PBXFileReference; lastKnownFileType = file.storyboard; name = Base; path = Base.lproj/Main.storyboard; sourceTree = "<group>"; };
		AE3E3D2B1D813F4D00BE9A2F /* Assets.xcassets */ = {isa = PBXFileReference; lastKnownFileType = folder.assetcatalog; path = Assets.xcassets; sourceTree = "<group>"; };
		AE3E3D2E1D813F4D00BE9A2F /* Base */ = {isa = PBXFileReference; lastKnownFileType = file.storyboard; name = Base; path = Base.lproj/LaunchScreen.storyboard; sourceTree = "<group>"; };
		AE3E3D301D813F4D00BE9A2F /* Info.plist */ = {isa = PBXFileReference; lastKnownFileType = text.plist.xml; path = Info.plist; sourceTree = "<group>"; };
		AE3E3D371D81405000BE9A2F /* CustomPresentationController.swift */ = {isa = PBXFileReference; fileEncoding = 4; lastKnownFileType = sourcecode.swift; path = CustomPresentationController.swift; sourceTree = "<group>"; };
		AE3E3D391D81406D00BE9A2F /* CustomPresentation.storyboard */ = {isa = PBXFileReference; fileEncoding = 4; lastKnownFileType = file.storyboard; path = CustomPresentation.storyboard; sourceTree = "<group>"; };
		AE3E3D3B1D8142A300BE9A2F /* FirstAViewController.swift */ = {isa = PBXFileReference; fileEncoding = 4; lastKnownFileType = sourcecode.swift; path = FirstAViewController.swift; sourceTree = "<group>"; };
		AE3E3D3D1D81453700BE9A2F /* FirstBViewController.swift */ = {isa = PBXFileReference; fileEncoding = 4; lastKnownFileType = sourcecode.swift; path = FirstBViewController.swift; sourceTree = "<group>"; };
/* End PBXFileReference section */

/* Begin PBXFrameworksBuildPhase section */
		AE3E3D1E1D813F4D00BE9A2F /* Frameworks */ = {
			isa = PBXFrameworksBuildPhase;
			buildActionMask = 2147483647;
			files = (
			);
			runOnlyForDeploymentPostprocessing = 0;
		};
/* End PBXFrameworksBuildPhase section */

/* Begin PBXGroup section */
		AE3E3D181D813F4D00BE9A2F = {
			isa = PBXGroup;
			children = (
				AE3E3D231D813F4D00BE9A2F /* CustomPresentationViewController */,
				AE3E3D221D813F4D00BE9A2F /* Products */,
			);
			sourceTree = "<group>";
		};
		AE3E3D221D813F4D00BE9A2F /* Products */ = {
			isa = PBXGroup;
			children = (
				AE3E3D211D813F4D00BE9A2F /* CustomPresentationViewController.app */,
			);
			name = Products;
			sourceTree = "<group>";
		};
		AE3E3D231D813F4D00BE9A2F /* CustomPresentationViewController */ = {
			isa = PBXGroup;
			children = (
				AE3E3D361D813FF000BE9A2F /* CustomPresentationController */,
				AE3E3D241D813F4D00BE9A2F /* AppDelegate.swift */,
				AE3E3D261D813F4D00BE9A2F /* ViewController.swift */,
				AE3E3D281D813F4D00BE9A2F /* Main.storyboard */,
				AE3E3D2B1D813F4D00BE9A2F /* Assets.xcassets */,
				AE3E3D2D1D813F4D00BE9A2F /* LaunchScreen.storyboard */,
				AE3E3D301D813F4D00BE9A2F /* Info.plist */,
			);
			path = CustomPresentationViewController;
			sourceTree = "<group>";
		};
		AE3E3D361D813FF000BE9A2F /* CustomPresentationController */ = {
			isa = PBXGroup;
			children = (
				AE3E3D391D81406D00BE9A2F /* CustomPresentation.storyboard */,
				AE3E3D3B1D8142A300BE9A2F /* FirstAViewController.swift */,
				AE3E3D3D1D81453700BE9A2F /* FirstBViewController.swift */,
				AE3E3D371D81405000BE9A2F /* CustomPresentationController.swift */,
			);
			path = CustomPresentationController;
			sourceTree = "<group>";
		};
/* End PBXGroup section */

/* Begin PBXNativeTarget section */
		AE3E3D201D813F4D00BE9A2F /* CustomPresentationViewController */ = {
			isa = PBXNativeTarget;
			buildConfigurationList = AE3E3D331D813F4D00BE9A2F /* Build configuration list for PBXNativeTarget "CustomPresentationViewController" */;
			buildPhases = (
				AE3E3D1D1D813F4D00BE9A2F /* Sources */,
				AE3E3D1E1D813F4D00BE9A2F /* Frameworks */,
				AE3E3D1F1D813F4D00BE9A2F /* Resources */,
			);
			buildRules = (
			);
			dependencies = (
			);
			name = CustomPresentationViewController;
			productName = CustomPresentationViewController;
			productReference = AE3E3D211D813F4D00BE9A2F /* CustomPresentationViewController.app */;
			productType = "com.apple.product-type.application";
		};
/* End PBXNativeTarget section */

/* Begin PBXProject section */
		AE3E3D191D813F4D00BE9A2F /* Project object */ = {
			isa = PBXProject;
			attributes = {
				LastSwiftUpdateCheck = 0730;
				LastUpgradeCheck = 0730;
				ORGANIZATIONNAME = "Chu Guimin";
				TargetAttributes = {
					AE3E3D201D813F4D00BE9A2F = {
						CreatedOnToolsVersion = 7.3.1;
					};
				};
			};
			buildConfigurationList = AE3E3D1C1D813F4D00BE9A2F /* Build configuration list for PBXProject "CustomPresentationViewController" */;
			compatibilityVersion = "Xcode 3.2";
			developmentRegion = English;
			hasScannedForEncodings = 0;
			knownRegions = (
				en,
				Base,
			);
			mainGroup = AE3E3D181D813F4D00BE9A2F;
			productRefGroup = AE3E3D221D813F4D00BE9A2F /* Products */;
			projectDirPath = "";
			projectRoot = "";
			targets = (
				AE3E3D201D813F4D00BE9A2F /* CustomPresentationViewController */,
			);
		};
/* End PBXProject section */

/* Begin PBXResourcesBuildPhase section */
		AE3E3D1F1D813F4D00BE9A2F /* Resources */ = {
			isa = PBXResourcesBuildPhase;
			buildActionMask = 2147483647;
			files = (
				AE3E3D2F1D813F4D00BE9A2F /* LaunchScreen.storyboard in Resources */,
				AE3E3D2C1D813F4D00BE9A2F /* Assets.xcassets in Resources */,
				AE3E3D2A1D813F4D00BE9A2F /* Main.storyboard in Resources */,
				AE3E3D3A1D81406D00BE9A2F /* CustomPresentation.storyboard in Resources */,
			);
			runOnlyForDeploymentPostprocessing = 0;
		};
/* End PBXResourcesBuildPhase section */

/* Begin PBXSourcesBuildPhase section */
		AE3E3D1D1D813F4D00BE9A2F /* Sources */ = {
			isa = PBXSourcesBuildPhase;
			buildActionMask = 2147483647;
			files = (
				AE3E3D271D813F4D00BE9A2F /* ViewController.swift in Sources */,
				AE3E3D3C1D8142A300BE9A2F /* FirstAViewController.swift in Sources */,
				AE3E3D251D813F4D00BE9A2F /* AppDelegate.swift in Sources */,
				AE3E3D3E1D81453700BE9A2F /* FirstBViewController.swift in Sources */,
				AE3E3D381D81405000BE9A2F /* CustomPresentationController.swift in Sources */,
			);
			runOnlyForDeploymentPostprocessing = 0;
		};
/* End PBXSourcesBuildPhase section */

/* Begin PBXVariantGroup section */
		AE3E3D281D813F4D00BE9A2F /* Main.storyboard */ = {
			isa = PBXVariantGroup;
			children = (
				AE3E3D291D813F4D00BE9A2F /* Base */,
			);
			name = Main.storyboard;
			sourceTree = "<group>";
		};
		AE3E3D2D1D813F4D00BE9A2F /* LaunchScreen.storyboard */ = {
			isa = PBXVariantGroup;
			children = (
				AE3E3D2E1D813F4D00BE9A2F /* Base */,
			);
			name = LaunchScreen.storyboard;
			sourceTree = "<group>";
		};
/* End PBXVariantGroup section */

/* Begin XCBuildConfiguration section */
		AE3E3D311D813F4D00BE9A2F /* Debug */ = {
			isa = XCBuildConfiguration;
			buildSettings = {
				ALWAYS_SEARCH_USER_PATHS = NO;
				CLANG_ANALYZER_NONNULL = YES;
				CLANG_CXX_LANGUAGE_STANDARD = "gnu++0x";
				CLANG_CXX_LIBRARY = "libc++";
				CLANG_ENABLE_MODULES = YES;
				CLANG_ENABLE_OBJC_ARC = YES;
				CLANG_WARN_BOOL_CONVERSION = YES;
				CLANG_WARN_CONSTANT_CONVERSION = YES;
				CLANG_WARN_DIRECT_OBJC_ISA_USAGE = YES_ERROR;
				CLANG_WARN_EMPTY_BODY = YES;
				CLANG_WARN_ENUM_CONVERSION = YES;
				CLANG_WARN_INT_CONVERSION = YES;
				CLANG_WARN_OBJC_ROOT_CLASS = YES_ERROR;
				CLANG_WARN_UNREACHABLE_CODE = YES;
				CLANG_WARN__DUPLICATE_METHOD_MATCH = YES;
				"CODE_SIGN_IDENTITY[sdk=iphoneos*]" = "iPhone Developer";
				COPY_PHASE_STRIP = NO;
				DEBUG_INFORMATION_FORMAT = dwarf;
				ENABLE_STRICT_OBJC_MSGSEND = YES;
				ENABLE_TESTABILITY = YES;
				GCC_C_LANGUAGE_STANDARD = gnu99;
				GCC_DYNAMIC_NO_PIC = NO;
				GCC_NO_COMMON_BLOCKS = YES;
				GCC_OPTIMIZATION_LEVEL = 0;
				GCC_PREPROCESSOR_DEFINITIONS = (
					"DEBUG=1",
					"$(inherited)",
				);
				GCC_WARN_64_TO_32_BIT_CONVERSION = YES;
				GCC_WARN_ABOUT_RETURN_TYPE = YES_ERROR;
				GCC_WARN_UNDECLARED_SELECTOR = YES;
				GCC_WARN_UNINITIALIZED_AUTOS = YES_AGGRESSIVE;
				GCC_WARN_UNUSED_FUNCTION = YES;
				GCC_WARN_UNUSED_VARIABLE = YES;
				IPHONEOS_DEPLOYMENT_TARGET = 9.3;
				MTL_ENABLE_DEBUG_INFO = YES;
				ONLY_ACTIVE_ARCH = YES;
				SDKROOT = iphoneos;
				SWIFT_OPTIMIZATION_LEVEL = "-Onone";
			};
			name = Debug;
		};
		AE3E3D321D813F4D00BE9A2F /* Release */ = {
			isa = XCBuildConfiguration;
			buildSettings = {
				ALWAYS_SEARCH_USER_PATHS = NO;
				CLANG_ANALYZER_NONNULL = YES;
				CLANG_CXX_LANGUAGE_STANDARD = "gnu++0x";
				CLANG_CXX_LIBRARY = "libc++";
				CLANG_ENABLE_MODULES = YES;
				CLANG_ENABLE_OBJC_ARC = YES;
				CLANG_WARN_BOOL_CONVERSION = YES;
				CLANG_WARN_CONSTANT_CONVERSION = YES;
				CLANG_WARN_DIRECT_OBJC_ISA_USAGE = YES_ERROR;
				CLANG_WARN_EMPTY_BODY = YES;
				CLANG_WARN_ENUM_CONVERSION = YES;
				CLANG_WARN_INT_CONVERSION = YES;
				CLANG_WARN_OBJC_ROOT_CLASS = YES_ERROR;
				CLANG_WARN_UNREACHABLE_CODE = YES;
				CLANG_WARN__DUPLICATE_METHOD_MATCH = YES;
				"CODE_SIGN_IDENTITY[sdk=iphoneos*]" = "iPhone Developer";
				COPY_PHASE_STRIP = NO;
				DEBUG_INFORMATION_FORMAT = "dwarf-with-dsym";
				ENABLE_NS_ASSERTIONS = NO;
				ENABLE_STRICT_OBJC_MSGSEND = YES;
				GCC_C_LANGUAGE_STANDARD = gnu99;
				GCC_NO_COMMON_BLOCKS = YES;
				GCC_WARN_64_TO_32_BIT_CONVERSION = YES;
				GCC_WARN_ABOUT_RETURN_TYPE = YES_ERROR;
				GCC_WARN_UNDECLARED_SELECTOR = YES;
				GCC_WARN_UNINITIALIZED_AUTOS = YES_AGGRESSIVE;
				GCC_WARN_UNUSED_FUNCTION = YES;
				GCC_WARN_UNUSED_VARIABLE = YES;
				IPHONEOS_DEPLOYMENT_TARGET = 9.3;
				MTL_ENABLE_DEBUG_INFO = NO;
				SDKROOT = iphoneos;
				VALIDATE_PRODUCT = YES;
			};
			name = Release;
		};
		AE3E3D341D813F4D00BE9A2F /* Debug */ = {
			isa = XCBuildConfiguration;
			buildSettings = {
				ASSETCATALOG_COMPILER_APPICON_NAME = AppIcon;
				INFOPLIST_FILE = CustomPresentationViewController/Info.plist;
				IPHONEOS_DEPLOYMENT_TARGET = 8.0;
				LD_RUNPATH_SEARCH_PATHS = "$(inherited) @executable_path/Frameworks";
				PRODUCT_BUNDLE_IDENTIFIER = com.cgm.CustomPresentationViewController;
				PRODUCT_NAME = "$(TARGET_NAME)";
			};
			name = Debug;
		};
		AE3E3D351D813F4D00BE9A2F /* Release */ = {
			isa = XCBuildConfiguration;
			buildSettings = {
				ASSETCATALOG_COMPILER_APPICON_NAME = AppIcon;
				INFOPLIST_FILE = CustomPresentationViewController/Info.plist;
				IPHONEOS_DEPLOYMENT_TARGET = 8.0;
				LD_RUNPATH_SEARCH_PATHS = "$(inherited) @executable_path/Frameworks";
				PRODUCT_BUNDLE_IDENTIFIER = com.cgm.CustomPresentationViewController;
				PRODUCT_NAME = "$(TARGET_NAME)";
			};
			name = Release;
		};
/* End XCBuildConfiguration section */

/* Begin XCConfigurationList section */
		AE3E3D1C1D813F4D00BE9A2F /* Build configuration list for PBXProject "CustomPresentationViewController" */ = {
			isa = XCConfigurationList;
			buildConfigurations = (
				AE3E3D311D813F4D00BE9A2F /* Debug */,
				AE3E3D321D813F4D00BE9A2F /* Release */,
			);
			defaultConfigurationIsVisible = 0;
			defaultConfigurationName = Release;
		};
		AE3E3D331D813F4D00BE9A2F /* Build configuration list for PBXNativeTarget "CustomPresentationViewController" */ = {
			isa = XCConfigurationList;
			buildConfigurations = (
				AE3E3D341D813F4D00BE9A2F /* Debug */,
				AE3E3D351D813F4D00BE9A2F /* Release */,
			);
			defaultConfigurationIsVisible = 0;
		};
/* End XCConfigurationList section */
	};
	rootObject = AE3E3D191D813F4D00BE9A2F /* Project object */;
}
